
Microsoft Visual Studio Solution File, Format Version 12.00
# Visual Studio 14
VisualStudioVersion = 14.0.24720.0
MinimumVisualStudioVersion = 10.0.40219.1
Project("{FAE04EC0-301F-11D3-BF4B-00C04F79EFBC}") = "TTC.Deployment.Tests", "TTC.Deployment.Tests\TTC.Deployment.Tests.csproj", "{3E190FC6-4A21-4477-9792-EBB4C3FE12A4}"
EndProject
Project("{FAE04EC0-301F-11D3-BF4B-00C04F79EFBC}") = "TTC.Deployment.AmazonWebServices", "TTC.Deployment.AmazonWebServices\TTC.Deployment.AmazonWebServices.csproj", "{7B4BF19E-65F5-48F6-8B4F-4A390ABAC003}"
EndProject
Project("{FAE04EC0-301F-11D3-BF4B-00C04F79EFBC}") = "AWSCreateStack", "AWSCreateStack\AWSCreateStack.csproj", "{71541178-51BA-4A22-B405-A0B084D0BF23}"
EndProject
Project("{FAE04EC0-301F-11D3-BF4B-00C04F79EFBC}") = "AWSS3Push", "AWSS3Push\AWSS3Push.csproj", "{1A4C0479-76A5-493F-90B0-FADEC58E3E37}"
EndProject
Project("{FAE04EC0-301F-11D3-BF4B-00C04F79EFBC}") = "AWSPushAndDeploy", "AWSPushAndDeploy\AWSPushAndDeploy.csproj", "{A3154A1F-466E-4733-A264-83D620A9A823}"
EndProject
Project("{2150E333-8FDC-42A3-9474-1A3956D46DE8}") = ".nuget", ".nuget", "{FF310DEB-3CA1-49EC-8DB4-A53D66763DC9}"
	ProjectSection(SolutionItems) = preProject
		.nuget\packages.config = .nuget\packages.config
	EndProjectSection
EndProject
Project("{FAE04EC0-301F-11D3-BF4B-00C04F79EFBC}") = "AWSDeleteStack", "AWSDeleteStack\AWSDeleteStack.csproj", "{0B88592E-5DB2-49EB-8ADF-59A54BAB599F}"
EndProject
Global
	GlobalSection(SolutionConfigurationPlatforms) = preSolution
		Debug|Any CPU = Debug|Any CPU
		Release|Any CPU = Release|Any CPU
	EndGlobalSection
	GlobalSection(ProjectConfigurationPlatforms) = postSolution
		{3E190FC6-4A21-4477-9792-EBB4C3FE12A4}.Debug|Any CPU.ActiveCfg = Debug|Any CPU
		{3E190FC6-4A21-4477-9792-EBB4C3FE12A4}.Debug|Any CPU.Build.0 = Debug|Any CPU
		{3E190FC6-4A21-4477-9792-EBB4C3FE12A4}.Release|Any CPU.ActiveCfg = Release|Any CPU
		{3E190FC6-4A21-4477-9792-EBB4C3FE12A4}.Release|Any CPU.Build.0 = Release|Any CPU
		{7B4BF19E-65F5-48F6-8B4F-4A390ABAC003}.Debug|Any CPU.ActiveCfg = Debug|Any CPU
		{7B4BF19E-65F5-48F6-8B4F-4A390ABAC003}.Debug|Any CPU.Build.0 = Debug|Any CPU
		{7B4BF19E-65F5-48F6-8B4F-4A390ABAC003}.Release|Any CPU.ActiveCfg = Release|Any CPU
		{7B4BF19E-65F5-48F6-8B4F-4A390ABAC003}.Release|Any CPU.Build.0 = Release|Any CPU
		{71541178-51BA-4A22-B405-A0B084D0BF23}.Debug|Any CPU.ActiveCfg = Debug|Any CPU
		{71541178-51BA-4A22-B405-A0B084D0BF23}.Debug|Any CPU.Build.0 = Debug|Any CPU
		{71541178-51BA-4A22-B405-A0B084D0BF23}.Release|Any CPU.ActiveCfg = Release|Any CPU
		{71541178-51BA-4A22-B405-A0B084D0BF23}.Release|Any CPU.Build.0 = Release|Any CPU
		{1A4C0479-76A5-493F-90B0-FADEC58E3E37}.Debug|Any CPU.ActiveCfg = Debug|Any CPU
		{1A4C0479-76A5-493F-90B0-FADEC58E3E37}.Debug|Any CPU.Build.0 = Debug|Any CPU
		{1A4C0479-76A5-493F-90B0-FADEC58E3E37}.Release|Any CPU.ActiveCfg = Release|Any CPU
		{1A4C0479-76A5-493F-90B0-FADEC58E3E37}.Release|Any CPU.Build.0 = Release|Any CPU
		{A3154A1F-466E-4733-A264-83D620A9A823}.Debug|Any CPU.ActiveCfg = Debug|Any CPU
		{A3154A1F-466E-4733-A264-83D620A9A823}.Debug|Any CPU.Build.0 = Debug|Any CPU
		{A3154A1F-466E-4733-A264-83D620A9A823}.Release|Any CPU.ActiveCfg = Release|Any CPU
		{A3154A1F-466E-4733-A264-83D620A9A823}.Release|Any CPU.Build.0 = Release|Any CPU
		{0B88592E-5DB2-49EB-8ADF-59A54BAB599F}.Debug|Any CPU.ActiveCfg = Debug|Any CPU
		{0B88592E-5DB2-49EB-8ADF-59A54BAB599F}.Debug|Any CPU.Build.0 = Debug|Any CPU
		{0B88592E-5DB2-49EB-8ADF-59A54BAB599F}.Release|Any CPU.ActiveCfg = Release|Any CPU
		{0B88592E-5DB2-49EB-8ADF-59A54BAB599F}.Release|Any CPU.Build.0 = Release|Any CPU
	EndGlobalSection
	GlobalSection(SolutionProperties) = preSolution
		HideSolutionNode = FALSE
	EndGlobalSection
EndGlobal
